{
  "nodes": {
    "home-manager": {
      "inputs": {
        "nixpkgs": [
          "nixpkgs"
        ],
        "utils": "utils"
      },
      "locked": {
        "lastModified": 1666903647,
        "narHash": "sha256-sFI1Gh9DTGzHnBINondupUGYbe+T0wZcpcZjkW0qffM=",
        "owner": "nix-community",
        "repo": "home-manager",
        "rev": "213a06295dff96668a1d673b9fd1c03ce1de6745",
        "type": "github"
      },
      "original": {
        "owner": "nix-community",
        "repo": "home-manager",
        "type": "github"
      }
    },
    "nixpkgs": {
      "locked": {
        "lastModified": 1666959691,
        "narHash": "sha256-TRpWA3t8ata79HOGtFd5dDCl1kJQmIE16PDF53/Hcxo=",
        "owner": "nixos",
        "repo": "nixpkgs",
        "rev": "448a599c49978c2794401bfc3a2e1fba1a8663be",
        "type": "github"
      },
      "original": {
        "owner": "nixos",
        "ref": "nixos-unstable",
        "repo": "nixpkgs",
        "type": "github"
      }
    },
    "root": {
      "inputs": {
        "home-manager": "home-manager",
        "nixpkgs": "nixpkgs"
      }
    },
    "utils": {
      "locked": {
        "lastModified": 1659877975,
        "narHash": "sha256-zllb8aq3YO3h8B/U0/J1WBgAL8EX5yWf5pMj3G0NAmc=",
        "owner": "numtide",
        "repo": "flake-utils",
        "rev": "c0e246b9b83f637f4681389ecabcb2681b4f3af0",
        "type": "github"
      },
      "original": {
        "owner": "numtide",
        "repo": "flake-utils",
        "type": "github"
      }
    }
  },
  "root": "root",
  "version": 7
}
